<?xml version="1.0" encoding="utf-8"?>
<Project ToolsVersion="4.0" xmlns="http://schemas.microsoft.com/developer/msbuild/2003">
	<ItemGroup>
		<Filter Include="include">
			<UniqueIdentifier>{603D67F4-9DFF-6946-B65C-D6FD9E09D9A5}</UniqueIdentifier>
		</Filter>
		<Filter Include="include\sampgdk">
			<UniqueIdentifier>{713984B5-5D65-7D46-ABAA-A1AA29FE3E5F}</UniqueIdentifier>
		</Filter>
		<Filter Include="include\sampgdk\amx">
			<UniqueIdentifier>{355BF983-71FF-4A4E-9FDA-061F97E20629}</UniqueIdentifier>
		</Filter>
		<Filter Include="src">
			<UniqueIdentifier>{C7992F64-73B7-274C-B60D-51BBF14F126E}</UniqueIdentifier>
		</Filter>
		<Filter Include="src\amx">
			<UniqueIdentifier>{79846F94-3EDC-624D-93E5-6D1A1BF61E2E}</UniqueIdentifier>
		</Filter>
	</ItemGroup>
	<ItemGroup>
		<ClInclude Include="..\..\include\sampgdk.h">
			<Filter>include</Filter>
		</ClInclude>
		<ClInclude Include="..\..\include\sampgdk\amxplugin.h">
			<Filter>include\sampgdk</Filter>
		</ClInclude>
		<ClInclude Include="..\..\include\sampgdk\eventhandler.h">
			<Filter>include\sampgdk</Filter>
		</ClInclude>
		<ClInclude Include="..\..\include\sampgdk\events.h">
			<Filter>include\sampgdk</Filter>
		</ClInclude>
		<ClInclude Include="..\..\include\sampgdk\export.h">
			<Filter>include\sampgdk</Filter>
		</ClInclude>
		<ClInclude Include="..\..\include\sampgdk\gpci.h">
			<Filter>include\sampgdk</Filter>
		</ClInclude>
		<ClInclude Include="..\..\include\sampgdk\objects.h">
			<Filter>include\sampgdk</Filter>
		</ClInclude>
		<ClInclude Include="..\..\include\sampgdk\players.h">
			<Filter>include\sampgdk</Filter>
		</ClInclude>
		<ClInclude Include="..\..\include\sampgdk\samp.h">
			<Filter>include\sampgdk</Filter>
		</ClInclude>
		<ClInclude Include="..\..\include\sampgdk\vehicles.h">
			<Filter>include\sampgdk</Filter>
		</ClInclude>
		<ClInclude Include="..\..\include\sampgdk\wrapper.h">
			<Filter>include\sampgdk</Filter>
		</ClInclude>
		<ClInclude Include="..\..\include\sampgdk\amx\amx.h">
			<Filter>include\sampgdk\amx</Filter>
		</ClInclude>
		<ClInclude Include="..\..\include\sampgdk\amx\getch.h">
			<Filter>include\sampgdk\amx</Filter>
		</ClInclude>
		<ClInclude Include="..\..\include\sampgdk\amx\sclinux.h">
			<Filter>include\sampgdk\amx</Filter>
		</ClInclude>
	</ItemGroup>
	<ItemGroup>
		<ClCompile Include="..\..\src\amx\amx.c">
			<Filter>src\amx</Filter>
		</ClCompile>
		<ClCompile Include="..\..\src\amxapihooks.cpp">
			<Filter>src</Filter>
		</ClCompile>
		<ClCompile Include="..\..\src\callbacks.cpp">
			<Filter>src</Filter>
		</ClCompile>
		<ClCompile Include="..\..\src\eventhandler.cpp">
			<Filter>src</Filter>
		</ClCompile>
		<ClCompile Include="..\..\src\fakeamx.cpp">
			<Filter>src</Filter>
		</ClCompile>
		<ClCompile Include="..\..\src\funcidx.cpp">
			<Filter>src</Filter>
		</ClCompile>
		<ClCompile Include="..\..\src\gamemode.cpp">
			<Filter>src</Filter>
		</ClCompile>
		<ClCompile Include="..\..\src\gpci.cpp">
			<Filter>src</Filter>
		</ClCompile>
		<ClCompile Include="..\..\src\hooknative.cpp">
			<Filter>src</Filter>
		</ClCompile>
		<ClCompile Include="..\..\src\jump.cpp">
			<Filter>src</Filter>
		</ClCompile>
		<ClCompile Include="..\..\src\objects.cpp">
			<Filter>src</Filter>
		</ClCompile>
		<ClCompile Include="..\..\src\players.cpp">
			<Filter>src</Filter>
		</ClCompile>
		<ClCompile Include="..\..\src\samp.cpp">
			<Filter>src</Filter>
		</ClCompile>
		<ClCompile Include="..\..\src\vehicles.cpp">
			<Filter>src</Filter>
		</ClCompile>
		<ClCompile Include="..\..\src\wrapper.cpp">
			<Filter>src</Filter>
		</ClCompile>
		<ClCompile Include="..\..\src\wrapperimpl.cpp">
			<Filter>src</Filter>
		</ClCompile>
	</ItemGroup>
</Project>
