<?xml version="1.0" encoding="utf-8"?>
<Project ToolsVersion="4.0" xmlns="http://schemas.microsoft.com/developer/msbuild/2003">
	<ItemGroup>
		<Filter Include="include">
			<UniqueIdentifier>{CB5EB8CB-C45B-D04D-9A4A-4845B0CD7E75}</UniqueIdentifier>
		</Filter>
		<Filter Include="include\sampgdk">
			<UniqueIdentifier>{42B201F4-055A-F44B-BDA2-AA2D35E373E1}</UniqueIdentifier>
		</Filter>
		<Filter Include="include\sampgdk\amx">
			<UniqueIdentifier>{DB003836-7B27-D84A-A88D-D271070C5298}</UniqueIdentifier>
		</Filter>
		<Filter Include="src">
			<UniqueIdentifier>{B02ED699-0CC9-FB47-87A2-022A158C1130}</UniqueIdentifier>
		</Filter>
		<Filter Include="src\amx">
			<UniqueIdentifier>{62BEB154-DE98-2E45-9DBE-DEC6BCEF9BAF}</UniqueIdentifier>
		</Filter>
	</ItemGroup>
	<ItemGroup>
		<ClInclude Include="..\..\include\sampgdk.h">
			<Filter>include</Filter>
		</ClInclude>
		<ClInclude Include="..\..\include\sampgdk\amxplugin.h">
			<Filter>include\sampgdk</Filter>
		</ClInclude>
		<ClInclude Include="..\..\include\sampgdk\eventhandler.h">
			<Filter>include\sampgdk</Filter>
		</ClInclude>
		<ClInclude Include="..\..\include\sampgdk\events.h">
			<Filter>include\sampgdk</Filter>
		</ClInclude>
		<ClInclude Include="..\..\include\sampgdk\export.h">
			<Filter>include\sampgdk</Filter>
		</ClInclude>
		<ClInclude Include="..\..\include\sampgdk\gpci.h">
			<Filter>include\sampgdk</Filter>
		</ClInclude>
		<ClInclude Include="..\..\include\sampgdk\objects.h">
			<Filter>include\sampgdk</Filter>
		</ClInclude>
		<ClInclude Include="..\..\include\sampgdk\players.h">
			<Filter>include\sampgdk</Filter>
		</ClInclude>
		<ClInclude Include="..\..\include\sampgdk\samp.h">
			<Filter>include\sampgdk</Filter>
		</ClInclude>
		<ClInclude Include="..\..\include\sampgdk\vehicles.h">
			<Filter>include\sampgdk</Filter>
		</ClInclude>
		<ClInclude Include="..\..\include\sampgdk\wrapper.h">
			<Filter>include\sampgdk</Filter>
		</ClInclude>
		<ClInclude Include="..\..\include\sampgdk\amx\amx.h">
			<Filter>include\sampgdk\amx</Filter>
		</ClInclude>
		<ClInclude Include="..\..\include\sampgdk\amx\getch.h">
			<Filter>include\sampgdk\amx</Filter>
		</ClInclude>
		<ClInclude Include="..\..\include\sampgdk\amx\sclinux.h">
			<Filter>include\sampgdk\amx</Filter>
		</ClInclude>
	</ItemGroup>
	<ItemGroup>
		<ClCompile Include="..\..\src\amx\amx.c">
			<Filter>src\amx</Filter>
		</ClCompile>
		<ClCompile Include="..\..\src\amxapihooks.cpp">
			<Filter>src</Filter>
		</ClCompile>
		<ClCompile Include="..\..\src\callbacks.cpp">
			<Filter>src</Filter>
		</ClCompile>
		<ClCompile Include="..\..\src\eventhandler.cpp">
			<Filter>src</Filter>
		</ClCompile>
		<ClCompile Include="..\..\src\fakeamx.cpp">
			<Filter>src</Filter>
		</ClCompile>
		<ClCompile Include="..\..\src\funcidx.cpp">
			<Filter>src</Filter>
		</ClCompile>
		<ClCompile Include="..\..\src\gamemode.cpp">
			<Filter>src</Filter>
		</ClCompile>
		<ClCompile Include="..\..\src\gpci.cpp">
			<Filter>src</Filter>
		</ClCompile>
		<ClCompile Include="..\..\src\hooknative.cpp">
			<Filter>src</Filter>
		</ClCompile>
		<ClCompile Include="..\..\src\jump.cpp">
			<Filter>src</Filter>
		</ClCompile>
		<ClCompile Include="..\..\src\objects.cpp">
			<Filter>src</Filter>
		</ClCompile>
		<ClCompile Include="..\..\src\players.cpp">
			<Filter>src</Filter>
		</ClCompile>
		<ClCompile Include="..\..\src\samp.cpp">
			<Filter>src</Filter>
		</ClCompile>
		<ClCompile Include="..\..\src\vehicles.cpp">
			<Filter>src</Filter>
		</ClCompile>
		<ClCompile Include="..\..\src\wrapper.cpp">
			<Filter>src</Filter>
		</ClCompile>
		<ClCompile Include="..\..\src\wrapperimpl.cpp">
			<Filter>src</Filter>
		</ClCompile>
	</ItemGroup>
</Project>
