
Microsoft Visual Studio Solution File, Format Version 10.00
# Visual Studio 2008
Project("{8BC9CEB8-8B4A-11D0-8D11-00A0C91BC942}") = "sampgdk", "sampgdk.vcproj", "{746B28E5-6813-4B4E-A546-5D30FAA74F52}"
EndProject
Global
	GlobalSection(SolutionConfigurationPlatforms) = preSolution
		Debug|Win32 = Debug|Win32
		Release|Win32 = Release|Win32
	EndGlobalSection
	GlobalSection(ProjectConfigurationPlatforms) = postSolution
		{746B28E5-6813-4B4E-A546-5D30FAA74F52}.Debug|Win32.ActiveCfg = Debug|Win32
		{746B28E5-6813-4B4E-A546-5D30FAA74F52}.Debug|Win32.Build.0 = Debug|Win32
		{746B28E5-6813-4B4E-A546-5D30FAA74F52}.Release|Win32.ActiveCfg = Release|Win32
		{746B28E5-6813-4B4E-A546-5D30FAA74F52}.Release|Win32.Build.0 = Release|Win32
	EndGlobalSection
	GlobalSection(SolutionProperties) = preSolution
		HideSolutionNode = FALSE
	EndGlobalSection
EndGlobal
