<?xml version="1.0" encoding="UTF-8" standalone="yes" ?>
<CodeBlocks_project_file>
	<FileVersion major="1" minor="6" />
	<Project>
		<Option title="sampgdk" />
		<Option pch_mode="2" />
		<Option compiler="gcc" />
		<Build>
			<Target title="DebugLib|x32">
				<Option output="../../bin/Debug/libsampgdk.a" prefix_auto="0" extension_auto="0" />
				<Option object_output="../../obj/Debug/x32/DebugLib" />
				<Option type="2" />
				<Option compiler="gcc" />
				<Compiler>
					<Add option="-Wall" />
					<Add option="-g" />
					<Add option="-m32" />
					<Add option="-DIN_SAMPGDK" />
					<Add option="-DSAMPGDK_STATIC" />
					<Add directory="../../include" />
					<Add directory="../../include/sampgdk/amx" />
				</Compiler>
				<Linker>
					<Add option="-m32" />
					<Add option="-L/usr/lib32" />
				</Linker>
			</Target>
			<Target title="DebugDLL|x32">
				<Option output="../../bin/Debug/sampgdkDG.dll" prefix_auto="0" extension_auto="0" />
				<Option object_output="../../obj/Debug/x32/DebugDLL" />
				<Option type="3" />
				<Option compiler="gcc" />
				<Option createDefFile="0" />
				<Option createStaticLib="1" />
				<Compiler>
					<Add option="-Wall" />
					<Add option="-g" />
					<Add option="-m32" />
					<Add option="-DIN_SAMPGDK" />
					<Add directory="../../include" />
					<Add directory="../../include/sampgdk/amx" />
				</Compiler>
				<Linker>
					<Add option="-shared" />
					<Add option="-Wl,--out-implib=&quot;../../bin/Debug/libsampgdk.dll.a&quot;" />
					<Add option="-m32" />
					<Add option="-L/usr/lib32" />
				</Linker>
			</Target>
			<Target title="ReleaseLib|x32">
				<Option output="../../bin/Release/libsampgdk.a" prefix_auto="0" extension_auto="0" />
				<Option object_output="../../obj/Release/x32/ReleaseLib" />
				<Option type="2" />
				<Option compiler="gcc" />
				<Compiler>
					<Add option="-O2" />
					<Add option="-m32" />
					<Add option="-DIN_SAMPGDK" />
					<Add option="-DSAMPGDK_STATIC" />
					<Add directory="../../include" />
					<Add directory="../../include/sampgdk/amx" />
				</Compiler>
				<Linker>
					<Add option="-s" />
					<Add option="-m32" />
					<Add option="-L/usr/lib32" />
				</Linker>
			</Target>
			<Target title="ReleaseDLL|x32">
				<Option output="../../bin/Release/sampgdkG.dll" prefix_auto="0" extension_auto="0" />
				<Option object_output="../../obj/Release/x32/ReleaseDLL" />
				<Option type="3" />
				<Option compiler="gcc" />
				<Option createDefFile="0" />
				<Option createStaticLib="1" />
				<Compiler>
					<Add option="-O2" />
					<Add option="-m32" />
					<Add option="-DIN_SAMPGDK" />
					<Add directory="../../include" />
					<Add directory="../../include/sampgdk/amx" />
				</Compiler>
				<Linker>
					<Add option="-s" />
					<Add option="-shared" />
					<Add option="-Wl,--out-implib=&quot;../../bin/Release/libsampgdk.dll.a&quot;" />
					<Add option="-m32" />
					<Add option="-L/usr/lib32" />
				</Linker>
			</Target>
		</Build>
		<Unit filename="../../src/amx/amx.c">
			<Option compilerVar="CC" />
		</Unit>
		<Unit filename="../../src/amxapihooks.cpp">
		</Unit>
		<Unit filename="../../src/callbacks.cpp">
		</Unit>
		<Unit filename="../../src/eventhandler.cpp">
		</Unit>
		<Unit filename="../../src/fakeamx.cpp">
		</Unit>
		<Unit filename="../../src/funcidx.cpp">
		</Unit>
		<Unit filename="../../src/gamemode.cpp">
		</Unit>
		<Unit filename="../../src/gpci.cpp">
		</Unit>
		<Unit filename="../../src/hooknative.cpp">
		</Unit>
		<Unit filename="../../src/jump.cpp">
		</Unit>
		<Unit filename="../../src/objects.cpp">
		</Unit>
		<Unit filename="../../src/players.cpp">
		</Unit>
		<Unit filename="../../src/samp.cpp">
		</Unit>
		<Unit filename="../../src/vehicles.cpp">
		</Unit>
		<Unit filename="../../src/wrapper.cpp">
		</Unit>
		<Unit filename="../../src/wrapperimpl.cpp">
		</Unit>
		<Unit filename="../../include/sampgdk.h">
		</Unit>
		<Unit filename="../../include/sampgdk/amxplugin.h">
		</Unit>
		<Unit filename="../../include/sampgdk/eventhandler.h">
		</Unit>
		<Unit filename="../../include/sampgdk/events.h">
		</Unit>
		<Unit filename="../../include/sampgdk/export.h">
		</Unit>
		<Unit filename="../../include/sampgdk/gpci.h">
		</Unit>
		<Unit filename="../../include/sampgdk/objects.h">
		</Unit>
		<Unit filename="../../include/sampgdk/players.h">
		</Unit>
		<Unit filename="../../include/sampgdk/samp.h">
		</Unit>
		<Unit filename="../../include/sampgdk/vehicles.h">
		</Unit>
		<Unit filename="../../include/sampgdk/wrapper.h">
		</Unit>
		<Unit filename="../../include/sampgdk/amx/amx.h">
		</Unit>
		<Unit filename="../../include/sampgdk/amx/getch.h">
		</Unit>
		<Unit filename="../../include/sampgdk/amx/sclinux.h">
		</Unit>
		<Extensions />
	</Project>
</CodeBlocks_project_file>

