
Microsoft Visual Studio Solution File, Format Version 10.00
# Visual Studio 2008
Project("{8BC9CEB8-8B4A-11D0-8D11-00A0C91BC942}") = "helloworld", "helloworld.vcproj", "{6EDD37E3-F220-4D24-BFB1-343F60DB5C77}"
	ProjectSection(ProjectDependencies) = postProject
		{BABA22D5-212E-4059-B3D6-D2D2218AADD8} = {BABA22D5-212E-4059-B3D6-D2D2218AADD8}
	EndProjectSection
EndProject
Project("{8BC9CEB8-8B4A-11D0-8D11-00A0C91BC942}") = "sampgdk", "..\..\sampgdk.vcproj", "{BABA22D5-212E-4059-B3D6-D2D2218AADD8}"
EndProject
Global
	GlobalSection(SolutionConfigurationPlatforms) = preSolution
		Debug|Win32 = Debug|Win32
		Release|Win32 = Release|Win32
	EndGlobalSection
	GlobalSection(ProjectConfigurationPlatforms) = postSolution
		{6EDD37E3-F220-4D24-BFB1-343F60DB5C77}.Debug|Win32.ActiveCfg = Debug|Win32
		{6EDD37E3-F220-4D24-BFB1-343F60DB5C77}.Debug|Win32.Build.0 = Debug|Win32
		{6EDD37E3-F220-4D24-BFB1-343F60DB5C77}.Release|Win32.ActiveCfg = Release|Win32
		{6EDD37E3-F220-4D24-BFB1-343F60DB5C77}.Release|Win32.Build.0 = Release|Win32
		{BABA22D5-212E-4059-B3D6-D2D2218AADD8}.Debug|Win32.ActiveCfg = Debug|Win32
		{BABA22D5-212E-4059-B3D6-D2D2218AADD8}.Debug|Win32.Build.0 = Debug|Win32
		{BABA22D5-212E-4059-B3D6-D2D2218AADD8}.Release|Win32.ActiveCfg = Release|Win32
		{BABA22D5-212E-4059-B3D6-D2D2218AADD8}.Release|Win32.Build.0 = Release|Win32
	EndGlobalSection
	GlobalSection(SolutionProperties) = preSolution
		HideSolutionNode = FALSE
	EndGlobalSection
EndGlobal
