<?xml version="1.0" encoding="UTF-8" standalone="yes" ?>
<CodeBlocks_project_file>
	<FileVersion major="1" minor="6" />
	<Project>
		<Option title="helloworld" />
		<Option pch_mode="2" />
		<Option compiler="gcc" />
		<Build>
			<Target title="Debug|x32">
				<Option output="../../bin/Debug/helloworld.dll" prefix_auto="0" extension_auto="0" />
				<Option object_output="../../obj/Debug/x32/Debug/helloworld" />
				<Option type="3" />
				<Option compiler="gcc" />
				<Option createDefFile="0" />
				<Option createStaticLib="0" />
				<Compiler>
					<Add option="-Wall" />
					<Add option="-g" />
					<Add option="-m32" />
					<Add directory="../../include" />
					<Add directory="../../include/sampgdk" />
				</Compiler>
				<Linker>
					<Add option="-shared" />
					<Add option="-m32" />
					<Add option="-L/usr/lib32" />
					<Add option="-Wl,--kill-at --def ../../examples/helloworld/helloworld.def" />
					<Add directory="../../bin/Debug" />
					<Add library="sampgdk" />
				</Linker>
			</Target>
			<Target title="Release|x32">
				<Option output="../../bin/Release/helloworld.dll" prefix_auto="0" extension_auto="0" />
				<Option object_output="../../obj/Release/x32/Release/helloworld" />
				<Option type="3" />
				<Option compiler="gcc" />
				<Option createDefFile="0" />
				<Option createStaticLib="0" />
				<Compiler>
					<Add option="-O2" />
					<Add option="-m32" />
					<Add directory="../../include" />
					<Add directory="../../include/sampgdk" />
				</Compiler>
				<Linker>
					<Add option="-s" />
					<Add option="-shared" />
					<Add option="-m32" />
					<Add option="-L/usr/lib32" />
					<Add option="-Wl,--kill-at --def ../../examples/helloworld/helloworld.def" />
					<Add directory="../../bin/Release" />
					<Add library="sampgdk" />
				</Linker>
			</Target>
		</Build>
		<Unit filename="../../examples/helloworld/helloworld.cpp">
		</Unit>
		<Unit filename="../../examples/helloworld/helloworld.h">
		</Unit>
		<Extensions />
	</Project>
</CodeBlocks_project_file>

