<?xml version="1.0" encoding="utf-8"?>
<Project ToolsVersion="4.0" xmlns="http://schemas.microsoft.com/developer/msbuild/2003">
	<ItemGroup>
		<Filter Include="examples">
			<UniqueIdentifier>{15331E82-3603-336C-85F2-490F49D6A51B}</UniqueIdentifier>
		</Filter>
		<Filter Include="examples\helloworld">
			<UniqueIdentifier>{3448B23B-140B-AE99-C3F2-3B775C29C22C}</UniqueIdentifier>
		</Filter>
	</ItemGroup>
	<ItemGroup>
		<ClInclude Include="..\..\examples\helloworld\helloworld.h">
			<Filter>examples\helloworld</Filter>
		</ClInclude>
	</ItemGroup>
	<ItemGroup>
		<ClCompile Include="..\..\examples\helloworld\helloworld.cpp">
			<Filter>examples\helloworld</Filter>
		</ClCompile>
	</ItemGroup>
</Project>
