<?xml version="1.0" encoding="utf-8"?>
<Project ToolsVersion="4.0" xmlns="http://schemas.microsoft.com/developer/msbuild/2003">
	<ItemGroup>
		<Filter Include="examples">
			<UniqueIdentifier>{86FD9030-AB51-D546-8C81-813F7DD04D83}</UniqueIdentifier>
		</Filter>
		<Filter Include="examples\helloworld">
			<UniqueIdentifier>{038051DA-FD8C-6940-9246-2E7C850B86B1}</UniqueIdentifier>
		</Filter>
	</ItemGroup>
	<ItemGroup>
		<ClInclude Include="..\..\examples\helloworld\helloworld.h">
			<Filter>examples\helloworld</Filter>
		</ClInclude>
	</ItemGroup>
	<ItemGroup>
		<ClCompile Include="..\..\examples\helloworld\helloworld.cpp">
			<Filter>examples\helloworld</Filter>
		</ClCompile>
	</ItemGroup>
</Project>
