
Microsoft Visual Studio Solution File, Format Version 11.00
# Visual Studio 2010
Project("{8BC9CEB8-8B4A-11D0-8D11-00A0C91BC942}") = "sampgdk", "sampgdk.vcxproj", "{C0DA49C5-0721-7C47-A3A9-A318B5AD2ABC}"
EndProject
Project("{8BC9CEB8-8B4A-11D0-8D11-00A0C91BC942}") = "helloworld", "helloworld.vcxproj", "{96533DEB-E3D3-4F45-9EBB-DE27AAD13A5C}"
	ProjectSection(ProjectDependencies) = postProject
		{C0DA49C5-0721-7C47-A3A9-A318B5AD2ABC} = {C0DA49C5-0721-7C47-A3A9-A318B5AD2ABC}
	EndProjectSection
EndProject
Global
	GlobalSection(SolutionConfigurationPlatforms) = preSolution
		Debug|Win32 = Debug|Win32
		Release|Win32 = Release|Win32
	EndGlobalSection
	GlobalSection(ProjectConfigurationPlatforms) = postSolution
		{C0DA49C5-0721-7C47-A3A9-A318B5AD2ABC}.Debug|Win32.ActiveCfg = Debug|Win32
		{C0DA49C5-0721-7C47-A3A9-A318B5AD2ABC}.Debug|Win32.Build.0 = Debug|Win32
		{C0DA49C5-0721-7C47-A3A9-A318B5AD2ABC}.Release|Win32.ActiveCfg = Release|Win32
		{C0DA49C5-0721-7C47-A3A9-A318B5AD2ABC}.Release|Win32.Build.0 = Release|Win32
		{96533DEB-E3D3-4F45-9EBB-DE27AAD13A5C}.Debug|Win32.ActiveCfg = Debug|Win32
		{96533DEB-E3D3-4F45-9EBB-DE27AAD13A5C}.Debug|Win32.Build.0 = Debug|Win32
		{96533DEB-E3D3-4F45-9EBB-DE27AAD13A5C}.Release|Win32.ActiveCfg = Release|Win32
		{96533DEB-E3D3-4F45-9EBB-DE27AAD13A5C}.Release|Win32.Build.0 = Release|Win32
	EndGlobalSection
	GlobalSection(SolutionProperties) = preSolution
		HideSolutionNode = FALSE
	EndGlobalSection
EndGlobal
