<?xml version="1.0" encoding="utf-8"?>
<Project ToolsVersion="4.0" xmlns="http://schemas.microsoft.com/developer/msbuild/2003">
	<ItemGroup>
		<Filter Include="src">
			<UniqueIdentifier>{E6F52CAE-0CEC-104D-B5FB-F33954900414}</UniqueIdentifier>
		</Filter>
		<Filter Include="src\amx">
			<UniqueIdentifier>{E2261A10-2941-3E4C-8D28-5EC2F0D9D397}</UniqueIdentifier>
		</Filter>
		<Filter Include="include">
			<UniqueIdentifier>{B56E6093-6949-544D-9FDE-D54016F197B1}</UniqueIdentifier>
		</Filter>
		<Filter Include="include\sampgdk">
			<UniqueIdentifier>{BA4A19E4-4133-A140-9429-32A8DF33855C}</UniqueIdentifier>
		</Filter>
		<Filter Include="include\sampgdk\amx">
			<UniqueIdentifier>{9ADD2F7F-BAB8-AA4E-B073-02EE6B95ED5C}</UniqueIdentifier>
		</Filter>
	</ItemGroup>
	<ItemGroup>
		<ClInclude Include="..\..\src\fakeamx.h">
			<Filter>src</Filter>
		</ClInclude>
		<ClInclude Include="..\..\src\jump.h">
			<Filter>src</Filter>
		</ClInclude>
		<ClInclude Include="..\..\src\amx\osdefs.h">
			<Filter>src\amx</Filter>
		</ClInclude>
		<ClInclude Include="..\..\include\sampgdk.h">
			<Filter>include</Filter>
		</ClInclude>
		<ClInclude Include="..\..\include\sampgdk\amx.h">
			<Filter>include\sampgdk</Filter>
		</ClInclude>
		<ClInclude Include="..\..\include\sampgdk\eventhandler.h">
			<Filter>include\sampgdk</Filter>
		</ClInclude>
		<ClInclude Include="..\..\include\sampgdk\gpci.h">
			<Filter>include\sampgdk</Filter>
		</ClInclude>
		<ClInclude Include="..\..\include\sampgdk\objects.h">
			<Filter>include\sampgdk</Filter>
		</ClInclude>
		<ClInclude Include="..\..\include\sampgdk\players.h">
			<Filter>include\sampgdk</Filter>
		</ClInclude>
		<ClInclude Include="..\..\include\sampgdk\plugincommon.h">
			<Filter>include\sampgdk</Filter>
		</ClInclude>
		<ClInclude Include="..\..\include\sampgdk\samp.h">
			<Filter>include\sampgdk</Filter>
		</ClInclude>
		<ClInclude Include="..\..\include\sampgdk\vehicles.h">
			<Filter>include\sampgdk</Filter>
		</ClInclude>
		<ClInclude Include="..\..\include\sampgdk\wrapper.h">
			<Filter>include\sampgdk</Filter>
		</ClInclude>
		<ClInclude Include="..\..\include\sampgdk\amx\amx.h">
			<Filter>include\sampgdk\amx</Filter>
		</ClInclude>
		<ClInclude Include="..\..\include\sampgdk\amx\getch.h">
			<Filter>include\sampgdk\amx</Filter>
		</ClInclude>
		<ClInclude Include="..\..\include\sampgdk\amx\sclinux.h">
			<Filter>include\sampgdk\amx</Filter>
		</ClInclude>
	</ItemGroup>
	<ItemGroup>
		<ClCompile Include="..\..\src\amx\amx.c">
			<Filter>src\amx</Filter>
		</ClCompile>
		<ClCompile Include="..\..\src\callbacks.cpp">
			<Filter>src</Filter>
		</ClCompile>
		<ClCompile Include="..\..\src\eventhandler.cpp">
			<Filter>src</Filter>
		</ClCompile>
		<ClCompile Include="..\..\src\fakeamx.cpp">
			<Filter>src</Filter>
		</ClCompile>
		<ClCompile Include="..\..\src\gpci.cpp">
			<Filter>src</Filter>
		</ClCompile>
		<ClCompile Include="..\..\src\jump.cpp">
			<Filter>src</Filter>
		</ClCompile>
		<ClCompile Include="..\..\src\objects.cpp">
			<Filter>src</Filter>
		</ClCompile>
		<ClCompile Include="..\..\src\players.cpp">
			<Filter>src</Filter>
		</ClCompile>
		<ClCompile Include="..\..\src\samp.cpp">
			<Filter>src</Filter>
		</ClCompile>
		<ClCompile Include="..\..\src\vehicles.cpp">
			<Filter>src</Filter>
		</ClCompile>
		<ClCompile Include="..\..\src\wrapper.cpp">
			<Filter>src</Filter>
		</ClCompile>
	</ItemGroup>
</Project>
