
Microsoft Visual Studio Solution File, Format Version 11.00
# Visual Studio 2010
Project("{8BC9CEB8-8B4A-11D0-8D11-00A0C91BC942}") = "sampgdk", "sampgdk.vcxproj", "{384EEFE0-EAF9-C3E9-C5A1-520E7235D20E}"
EndProject
Project("{8BC9CEB8-8B4A-11D0-8D11-00A0C91BC942}") = "helloworld", "helloworld.vcxproj", "{B5FD1BAB-BA32-17BE-6D8E-6B7FE0F48E0F}"
	ProjectSection(ProjectDependencies) = postProject
		{384EEFE0-EAF9-C3E9-C5A1-520E7235D20E} = {384EEFE0-EAF9-C3E9-C5A1-520E7235D20E}
	EndProjectSection
EndProject
Global
	GlobalSection(SolutionConfigurationPlatforms) = preSolution
		Debug|Win32 = Debug|Win32
		Release|Win32 = Release|Win32
	EndGlobalSection
	GlobalSection(ProjectConfigurationPlatforms) = postSolution
		{384EEFE0-EAF9-C3E9-C5A1-520E7235D20E}.Debug|Win32.ActiveCfg = Debug|Win32
		{384EEFE0-EAF9-C3E9-C5A1-520E7235D20E}.Debug|Win32.Build.0 = Debug|Win32
		{384EEFE0-EAF9-C3E9-C5A1-520E7235D20E}.Release|Win32.ActiveCfg = Release|Win32
		{384EEFE0-EAF9-C3E9-C5A1-520E7235D20E}.Release|Win32.Build.0 = Release|Win32
		{B5FD1BAB-BA32-17BE-6D8E-6B7FE0F48E0F}.Debug|Win32.ActiveCfg = Debug|Win32
		{B5FD1BAB-BA32-17BE-6D8E-6B7FE0F48E0F}.Debug|Win32.Build.0 = Debug|Win32
		{B5FD1BAB-BA32-17BE-6D8E-6B7FE0F48E0F}.Release|Win32.ActiveCfg = Release|Win32
		{B5FD1BAB-BA32-17BE-6D8E-6B7FE0F48E0F}.Release|Win32.Build.0 = Release|Win32
	EndGlobalSection
	GlobalSection(SolutionProperties) = preSolution
		HideSolutionNode = FALSE
	EndGlobalSection
EndGlobal
