<?xml version="1.0" encoding="utf-8"?>
<Project ToolsVersion="4.0" xmlns="http://schemas.microsoft.com/developer/msbuild/2003">
	<ItemGroup>
		<Filter Include="src">
			<UniqueIdentifier>{DC88756C-528F-064B-87CA-688D8AD46A82}</UniqueIdentifier>
		</Filter>
		<Filter Include="src\amx">
			<UniqueIdentifier>{5528F381-00D8-E140-B701-D338DF5572D6}</UniqueIdentifier>
		</Filter>
		<Filter Include="include">
			<UniqueIdentifier>{749EC60B-E838-9641-B654-EC24171D67CE}</UniqueIdentifier>
		</Filter>
		<Filter Include="include\sampgdk">
			<UniqueIdentifier>{EC49413D-BB46-FC47-A556-B581A723E4C2}</UniqueIdentifier>
		</Filter>
		<Filter Include="include\sampgdk\amx">
			<UniqueIdentifier>{EEB9CADC-0246-2646-ADBC-0E8762A89748}</UniqueIdentifier>
		</Filter>
	</ItemGroup>
	<ItemGroup>
		<ClInclude Include="..\..\src\fakeamx.h">
			<Filter>src</Filter>
		</ClInclude>
		<ClInclude Include="..\..\src\jump.h">
			<Filter>src</Filter>
		</ClInclude>
		<ClInclude Include="..\..\src\amx\osdefs.h">
			<Filter>src\amx</Filter>
		</ClInclude>
		<ClInclude Include="..\..\include\sampgdk.h">
			<Filter>include</Filter>
		</ClInclude>
		<ClInclude Include="..\..\include\sampgdk\amx.h">
			<Filter>include\sampgdk</Filter>
		</ClInclude>
		<ClInclude Include="..\..\include\sampgdk\eventhandler.h">
			<Filter>include\sampgdk</Filter>
		</ClInclude>
		<ClInclude Include="..\..\include\sampgdk\gpci.h">
			<Filter>include\sampgdk</Filter>
		</ClInclude>
		<ClInclude Include="..\..\include\sampgdk\objects.h">
			<Filter>include\sampgdk</Filter>
		</ClInclude>
		<ClInclude Include="..\..\include\sampgdk\players.h">
			<Filter>include\sampgdk</Filter>
		</ClInclude>
		<ClInclude Include="..\..\include\sampgdk\plugincommon.h">
			<Filter>include\sampgdk</Filter>
		</ClInclude>
		<ClInclude Include="..\..\include\sampgdk\samp.h">
			<Filter>include\sampgdk</Filter>
		</ClInclude>
		<ClInclude Include="..\..\include\sampgdk\vehicles.h">
			<Filter>include\sampgdk</Filter>
		</ClInclude>
		<ClInclude Include="..\..\include\sampgdk\wrapper.h">
			<Filter>include\sampgdk</Filter>
		</ClInclude>
		<ClInclude Include="..\..\include\sampgdk\amx\amx.h">
			<Filter>include\sampgdk\amx</Filter>
		</ClInclude>
		<ClInclude Include="..\..\include\sampgdk\amx\getch.h">
			<Filter>include\sampgdk\amx</Filter>
		</ClInclude>
		<ClInclude Include="..\..\include\sampgdk\amx\sclinux.h">
			<Filter>include\sampgdk\amx</Filter>
		</ClInclude>
	</ItemGroup>
	<ItemGroup>
		<ClCompile Include="..\..\src\amx\amx.c">
			<Filter>src\amx</Filter>
		</ClCompile>
		<ClCompile Include="..\..\src\callbacks.cpp">
			<Filter>src</Filter>
		</ClCompile>
		<ClCompile Include="..\..\src\eventhandler.cpp">
			<Filter>src</Filter>
		</ClCompile>
		<ClCompile Include="..\..\src\fakeamx.cpp">
			<Filter>src</Filter>
		</ClCompile>
		<ClCompile Include="..\..\src\gpci.cpp">
			<Filter>src</Filter>
		</ClCompile>
		<ClCompile Include="..\..\src\jump.cpp">
			<Filter>src</Filter>
		</ClCompile>
		<ClCompile Include="..\..\src\objects.cpp">
			<Filter>src</Filter>
		</ClCompile>
		<ClCompile Include="..\..\src\players.cpp">
			<Filter>src</Filter>
		</ClCompile>
		<ClCompile Include="..\..\src\samp.cpp">
			<Filter>src</Filter>
		</ClCompile>
		<ClCompile Include="..\..\src\vehicles.cpp">
			<Filter>src</Filter>
		</ClCompile>
		<ClCompile Include="..\..\src\wrapper.cpp">
			<Filter>src</Filter>
		</ClCompile>
	</ItemGroup>
</Project>
