<?xml version="1.0" encoding="utf-8"?>
<Project ToolsVersion="4.0" xmlns="http://schemas.microsoft.com/developer/msbuild/2003">
	<ItemGroup>
		<Filter Include="src">
			<UniqueIdentifier>{2980B9B3-5330-474C-86E1-38D439AB2412}</UniqueIdentifier>
		</Filter>
		<Filter Include="include">
			<UniqueIdentifier>{0DE8919F-A7CC-5343-8701-6B4C2B0A4186}</UniqueIdentifier>
		</Filter>
		<Filter Include="include\sampgdk">
			<UniqueIdentifier>{2A792127-E58D-6440-B260-2776D1E74974}</UniqueIdentifier>
		</Filter>
		<Filter Include="include\sampgdk\amx">
			<UniqueIdentifier>{CF803A63-22C1-B744-B22F-9DB475FA611A}</UniqueIdentifier>
		</Filter>
	</ItemGroup>
	<ItemGroup>
		<ClInclude Include="..\..\src\callbacks.h">
			<Filter>src</Filter>
		</ClInclude>
		<ClInclude Include="..\..\src\fakeamx.h">
			<Filter>src</Filter>
		</ClInclude>
		<ClInclude Include="..\..\src\jump.h">
			<Filter>src</Filter>
		</ClInclude>
		<ClInclude Include="..\..\include\sampgdk.h">
			<Filter>include</Filter>
		</ClInclude>
		<ClInclude Include="..\..\include\sampgdk\amx.h">
			<Filter>include\sampgdk</Filter>
		</ClInclude>
		<ClInclude Include="..\..\include\sampgdk\eventhandler.h">
			<Filter>include\sampgdk</Filter>
		</ClInclude>
		<ClInclude Include="..\..\include\sampgdk\gpci.h">
			<Filter>include\sampgdk</Filter>
		</ClInclude>
		<ClInclude Include="..\..\include\sampgdk\objects.h">
			<Filter>include\sampgdk</Filter>
		</ClInclude>
		<ClInclude Include="..\..\include\sampgdk\players.h">
			<Filter>include\sampgdk</Filter>
		</ClInclude>
		<ClInclude Include="..\..\include\sampgdk\plugincommon.h">
			<Filter>include\sampgdk</Filter>
		</ClInclude>
		<ClInclude Include="..\..\include\sampgdk\samp.h">
			<Filter>include\sampgdk</Filter>
		</ClInclude>
		<ClInclude Include="..\..\include\sampgdk\vehicles.h">
			<Filter>include\sampgdk</Filter>
		</ClInclude>
		<ClInclude Include="..\..\include\sampgdk\wrapper.h">
			<Filter>include\sampgdk</Filter>
		</ClInclude>
		<ClInclude Include="..\..\include\sampgdk\amx\amx.h">
			<Filter>include\sampgdk\amx</Filter>
		</ClInclude>
		<ClInclude Include="..\..\include\sampgdk\amx\getch.h">
			<Filter>include\sampgdk\amx</Filter>
		</ClInclude>
		<ClInclude Include="..\..\include\sampgdk\amx\sclinux.h">
			<Filter>include\sampgdk\amx</Filter>
		</ClInclude>
	</ItemGroup>
	<ItemGroup>
		<ClCompile Include="..\..\src\amxplugin.cpp">
			<Filter>src</Filter>
		</ClCompile>
		<ClCompile Include="..\..\src\callbacks.cpp">
			<Filter>src</Filter>
		</ClCompile>
		<ClCompile Include="..\..\src\eventhandler.cpp">
			<Filter>src</Filter>
		</ClCompile>
		<ClCompile Include="..\..\src\fakeamx.cpp">
			<Filter>src</Filter>
		</ClCompile>
		<ClCompile Include="..\..\src\gpci.cpp">
			<Filter>src</Filter>
		</ClCompile>
		<ClCompile Include="..\..\src\jump.cpp">
			<Filter>src</Filter>
		</ClCompile>
		<ClCompile Include="..\..\src\objects.cpp">
			<Filter>src</Filter>
		</ClCompile>
		<ClCompile Include="..\..\src\players.cpp">
			<Filter>src</Filter>
		</ClCompile>
		<ClCompile Include="..\..\src\samp.cpp">
			<Filter>src</Filter>
		</ClCompile>
		<ClCompile Include="..\..\src\vehicles.cpp">
			<Filter>src</Filter>
		</ClCompile>
		<ClCompile Include="..\..\src\wrapper.cpp">
			<Filter>src</Filter>
		</ClCompile>
	</ItemGroup>
</Project>
