
Microsoft Visual Studio Solution File, Format Version 10.00
# Visual Studio 2008
Project("{8BC9CEB8-8B4A-11D0-8D11-00A0C91BC942}") = "sampgdk", "sampgdk.vcproj", "{7CC608D4-C348-3549-ACC1-760895C32CCE}"
EndProject
Project("{8BC9CEB8-8B4A-11D0-8D11-00A0C91BC942}") = "helloworld", "helloworld.vcproj", "{EBABA33C-0E2D-8E48-8982-D5C1A9BA1B82}"
	ProjectSection(ProjectDependencies) = postProject
		{7CC608D4-C348-3549-ACC1-760895C32CCE} = {7CC608D4-C348-3549-ACC1-760895C32CCE}
	EndProjectSection
EndProject
Global
	GlobalSection(SolutionConfigurationPlatforms) = preSolution
		Debug|Win32 = Debug|Win32
		Release|Win32 = Release|Win32
	EndGlobalSection
	GlobalSection(ProjectConfigurationPlatforms) = postSolution
		{7CC608D4-C348-3549-ACC1-760895C32CCE}.Debug|Win32.ActiveCfg = Debug|Win32
		{7CC608D4-C348-3549-ACC1-760895C32CCE}.Debug|Win32.Build.0 = Debug|Win32
		{7CC608D4-C348-3549-ACC1-760895C32CCE}.Release|Win32.ActiveCfg = Release|Win32
		{7CC608D4-C348-3549-ACC1-760895C32CCE}.Release|Win32.Build.0 = Release|Win32
		{EBABA33C-0E2D-8E48-8982-D5C1A9BA1B82}.Debug|Win32.ActiveCfg = Debug|Win32
		{EBABA33C-0E2D-8E48-8982-D5C1A9BA1B82}.Debug|Win32.Build.0 = Debug|Win32
		{EBABA33C-0E2D-8E48-8982-D5C1A9BA1B82}.Release|Win32.ActiveCfg = Release|Win32
		{EBABA33C-0E2D-8E48-8982-D5C1A9BA1B82}.Release|Win32.Build.0 = Release|Win32
	EndGlobalSection
	GlobalSection(SolutionProperties) = preSolution
		HideSolutionNode = FALSE
	EndGlobalSection
EndGlobal
