
Microsoft Visual Studio Solution File, Format Version 10.00
# Visual Studio 2008
Project("{8BC9CEB8-8B4A-11D0-8D11-00A0C91BC942}") = "sampgdk", "sampgdk.vcproj", "{B32EBF0A-B60C-EE40-A6F5-5281406075B1}"
EndProject
Project("{8BC9CEB8-8B4A-11D0-8D11-00A0C91BC942}") = "helloworld", "helloworld.vcproj", "{8D2EBE54-D552-434E-B95D-C3BC3F5B3FCD}"
	ProjectSection(ProjectDependencies) = postProject
		{B32EBF0A-B60C-EE40-A6F5-5281406075B1} = {B32EBF0A-B60C-EE40-A6F5-5281406075B1}
	EndProjectSection
EndProject
Global
	GlobalSection(SolutionConfigurationPlatforms) = preSolution
		Debug|Win32 = Debug|Win32
		Release|Win32 = Release|Win32
	EndGlobalSection
	GlobalSection(ProjectConfigurationPlatforms) = postSolution
		{B32EBF0A-B60C-EE40-A6F5-5281406075B1}.Debug|Win32.ActiveCfg = Debug|Win32
		{B32EBF0A-B60C-EE40-A6F5-5281406075B1}.Debug|Win32.Build.0 = Debug|Win32
		{B32EBF0A-B60C-EE40-A6F5-5281406075B1}.Release|Win32.ActiveCfg = Release|Win32
		{B32EBF0A-B60C-EE40-A6F5-5281406075B1}.Release|Win32.Build.0 = Release|Win32
		{8D2EBE54-D552-434E-B95D-C3BC3F5B3FCD}.Debug|Win32.ActiveCfg = Debug|Win32
		{8D2EBE54-D552-434E-B95D-C3BC3F5B3FCD}.Debug|Win32.Build.0 = Debug|Win32
		{8D2EBE54-D552-434E-B95D-C3BC3F5B3FCD}.Release|Win32.ActiveCfg = Release|Win32
		{8D2EBE54-D552-434E-B95D-C3BC3F5B3FCD}.Release|Win32.Build.0 = Release|Win32
	EndGlobalSection
	GlobalSection(SolutionProperties) = preSolution
		HideSolutionNode = FALSE
	EndGlobalSection
EndGlobal
