
Microsoft Visual Studio Solution File, Format Version 9.00
# Visual Studio 2005
Project("{8BC9CEB8-8B4A-11D0-8D11-00A0C91BC942}") = "sampgdk", "sampgdk.vcproj", "{6B1BD131-8E47-B841-BED8-332A88284B94}"
EndProject
Project("{8BC9CEB8-8B4A-11D0-8D11-00A0C91BC942}") = "helloworld", "helloworld.vcproj", "{D21FBC79-AB98-C643-B3DB-B0315F23F578}"
	ProjectSection(ProjectDependencies) = postProject
		{6B1BD131-8E47-B841-BED8-332A88284B94} = {6B1BD131-8E47-B841-BED8-332A88284B94}
	EndProjectSection
EndProject
Global
	GlobalSection(SolutionConfigurationPlatforms) = preSolution
		Debug|Win32 = Debug|Win32
		Release|Win32 = Release|Win32
	EndGlobalSection
	GlobalSection(ProjectConfigurationPlatforms) = postSolution
		{6B1BD131-8E47-B841-BED8-332A88284B94}.Debug|Win32.ActiveCfg = Debug|Win32
		{6B1BD131-8E47-B841-BED8-332A88284B94}.Debug|Win32.Build.0 = Debug|Win32
		{6B1BD131-8E47-B841-BED8-332A88284B94}.Release|Win32.ActiveCfg = Release|Win32
		{6B1BD131-8E47-B841-BED8-332A88284B94}.Release|Win32.Build.0 = Release|Win32
		{D21FBC79-AB98-C643-B3DB-B0315F23F578}.Debug|Win32.ActiveCfg = Debug|Win32
		{D21FBC79-AB98-C643-B3DB-B0315F23F578}.Debug|Win32.Build.0 = Debug|Win32
		{D21FBC79-AB98-C643-B3DB-B0315F23F578}.Release|Win32.ActiveCfg = Release|Win32
		{D21FBC79-AB98-C643-B3DB-B0315F23F578}.Release|Win32.Build.0 = Release|Win32
	EndGlobalSection
	GlobalSection(SolutionProperties) = preSolution
		HideSolutionNode = FALSE
	EndGlobalSection
EndGlobal
